<?xml version="1.0" encoding="utf-8"?>
<Project ToolsVersion="4.0" xmlns="http://schemas.microsoft.com/developer/msbuild/2003">
  <ItemGroup>
    <Filter Include="소스 파일">
      <UniqueIdentifier>{4FC737F1-C7A5-4376-A066-2A32D752A2FF}</UniqueIdentifier>
      <Extensions>cpp;c;cc;cxx;def;odl;idl;hpj;bat;asm;asmx</Extensions>
    </Filter>
    <Filter Include="헤더 파일">
      <UniqueIdentifier>{93995380-89BD-4b04-88EB-625FBE52EBFB}</UniqueIdentifier>
      <Extensions>h;hh;hpp;hxx;hm;inl;inc;ipp;xsd</Extensions>
    </Filter>
    <Filter Include="리소스 파일">
      <UniqueIdentifier>{67DA6AB6-F800-4c08-8B7A-83BB121AAD01}</UniqueIdentifier>
      <Extensions>rc;ico;cur;bmp;dlg;rc2;rct;bin;rgs;gif;jpg;jpeg;jpe;resx;tiff;tif;png;wav;mfcribbon-ms</Extensions>
    </Filter>
    <Filter Include="2DGameFramework">
      <UniqueIdentifier>{acc8cb01-70a4-4cc6-9d88-d32134c13a9f}</UniqueIdentifier>
    </Filter>
    <Filter Include="playGround">
      <UniqueIdentifier>{81ef0d09-364b-467c-92b5-68b9438212f6}</UniqueIdentifier>
    </Filter>
    <Filter Include="2DGameFramework\SingletonBase">
      <UniqueIdentifier>{8f2c2318-9b69-434a-838a-8649fb3d732d}</UniqueIdentifier>
    </Filter>
    <Filter Include="2DGameFramework\Manager">
      <UniqueIdentifier>{16fac473-44a9-4f96-870f-27a66bc8d31e}</UniqueIdentifier>
    </Filter>
    <Filter Include="2DGameFramework\image">
      <UniqueIdentifier>{7fcd4216-76a8-48f1-a13f-4afb68ded7c5}</UniqueIdentifier>
    </Filter>
    <Filter Include="2DGameFramework\Util">
      <UniqueIdentifier>{7d7b862c-abb8-408f-a500-97d6ced2a4fd}</UniqueIdentifier>
    </Filter>
    <Filter Include="2DGameFramework\progressBar">
      <UniqueIdentifier>{c1cc7a2a-bdac-47e2-bf6f-f3b70adb4fac}</UniqueIdentifier>
    </Filter>
    <Filter Include="2DGameFramework\txtData">
      <UniqueIdentifier>{511868d2-4d81-4fc3-bf82-6322d9df63e4}</UniqueIdentifier>
    </Filter>
    <Filter Include="2DGameFramework\timer">
      <UniqueIdentifier>{6110c452-b2ac-48e8-ac0c-90e7d5151e36}</UniqueIdentifier>
    </Filter>
    <Filter Include="2DGameFramework\animation">
      <UniqueIdentifier>{a76d591a-6507-4a2b-aeab-11c470a3f2dd}</UniqueIdentifier>
    </Filter>
    <Filter Include="2DGameFramework\effect">
      <UniqueIdentifier>{0dbf570f-42b2-481b-8632-983fa151eedb}</UniqueIdentifier>
    </Filter>
    <Filter Include="2DGameFramework\button">
      <UniqueIdentifier>{edec0274-25d5-4cd4-9858-73c06504f062}</UniqueIdentifier>
    </Filter>
    <Filter Include="2DGameFramework\action">
      <UniqueIdentifier>{a505733a-b5f1-416e-941e-fb290e7b22a8}</UniqueIdentifier>
    </Filter>
    <Filter Include="playGround\A%2aScene">
      <UniqueIdentifier>{3b238b67-8d4b-4770-81d9-7cb4f977f5f0}</UniqueIdentifier>
    </Filter>
    <Filter Include="playGround\player">
      <UniqueIdentifier>{67f0544e-e72b-4038-9ee8-4f47cd1dc644}</UniqueIdentifier>
    </Filter>
    <Filter Include="playGround\scene">
      <UniqueIdentifier>{50326138-153f-4db9-8bae-42e22c5b76b2}</UniqueIdentifier>
    </Filter>
    <Filter Include="playGround\objectManager">
      <UniqueIdentifier>{2d087b0e-5903-421f-8d31-643a7869708f}</UniqueIdentifier>
    </Filter>
    <Filter Include="playGround\object">
      <UniqueIdentifier>{8bf9fa7b-f6e4-40dc-a0d1-42f5f42012c6}</UniqueIdentifier>
    </Filter>
    <Filter Include="playGround\object\crops">
      <UniqueIdentifier>{0cbf2cdc-4ff0-438b-880e-06846bb6d6dc}</UniqueIdentifier>
    </Filter>
    <Filter Include="playGround\cursor">
      <UniqueIdentifier>{83c79799-6ab8-4ea2-a5bd-e35358bb1dfc}</UniqueIdentifier>
    </Filter>
    <Filter Include="playGround\itemManager">
      <UniqueIdentifier>{76e82056-8fa8-4863-847a-147ed44ee803}</UniqueIdentifier>
    </Filter>
    <Filter Include="playGround\player\ability">
      <UniqueIdentifier>{c13ead08-38a5-4e2a-b687-f1c43937ea66}</UniqueIdentifier>
    </Filter>
    <Filter Include="playGround\ui">
      <UniqueIdentifier>{eaf15f7c-55df-4b9a-98c6-2b420dfbe2f0}</UniqueIdentifier>
    </Filter>
    <Filter Include="playGround\object\building">
      <UniqueIdentifier>{ca7f4f63-f8ea-4b18-9b1d-68c523fac5e2}</UniqueIdentifier>
    </Filter>
    <Filter Include="playGround\object\enemy">
      <UniqueIdentifier>{9dde42bc-fb30-42c1-b433-efd68cb30610}</UniqueIdentifier>
    </Filter>
  </ItemGroup>
  <ItemGroup>
    <ClInclude Include="stdafx.h">
      <Filter>헤더 파일</Filter>
    </ClInclude>
    <ClInclude Include="targetver.h">
      <Filter>헤더 파일</Filter>
    </ClInclude>
    <ClInclude Include="Resource.h">
      <Filter>헤더 파일</Filter>
    </ClInclude>
    <ClInclude Include="windowAPI.h">
      <Filter>헤더 파일</Filter>
    </ClInclude>
    <ClInclude Include="commonMacroFunction.h">
      <Filter>헤더 파일</Filter>
    </ClInclude>
    <ClInclude Include="gameNode.h">
      <Filter>2DGameFramework</Filter>
    </ClInclude>
    <ClInclude Include="playGround.h">
      <Filter>playGround</Filter>
    </ClInclude>
    <ClInclude Include="singletonBase.h">
      <Filter>2DGameFramework\SingletonBase</Filter>
    </ClInclude>
    <ClInclude Include="randomFunction.h">
      <Filter>헤더 파일</Filter>
    </ClInclude>
    <ClInclude Include="keyManager.h">
      <Filter>2DGameFramework\Manager</Filter>
    </ClInclude>
    <ClInclude Include="image.h">
      <Filter>2DGameFramework\image</Filter>
    </ClInclude>
    <ClInclude Include="utils.h">
      <Filter>2DGameFramework\Util</Filter>
    </ClInclude>
    <ClInclude Include="imageManager.h">
      <Filter>2DGameFramework\Manager</Filter>
    </ClInclude>
    <ClInclude Include="progressBar.h">
      <Filter>2DGameFramework\progressBar</Filter>
    </ClInclude>
    <ClInclude Include="txtData.h">
      <Filter>2DGameFramework\txtData</Filter>
    </ClInclude>
    <ClInclude Include="timer.h">
      <Filter>2DGameFramework\timer</Filter>
    </ClInclude>
    <ClInclude Include="timeManager.h">
      <Filter>2DGameFramework\Manager</Filter>
    </ClInclude>
    <ClInclude Include="animation.h">
      <Filter>2DGameFramework\animation</Filter>
    </ClInclude>
    <ClInclude Include="effect.h">
      <Filter>2DGameFramework\effect</Filter>
    </ClInclude>
    <ClInclude Include="effectManager.h">
      <Filter>2DGameFramework\Manager</Filter>
    </ClInclude>
    <ClInclude Include="soundManager.h">
      <Filter>2DGameFramework\Manager</Filter>
    </ClInclude>
    <ClInclude Include="sceneManager.h">
      <Filter>2DGameFramework\Manager</Filter>
    </ClInclude>
    <ClInclude Include="button.h">
      <Filter>2DGameFramework\button</Filter>
    </ClInclude>
    <ClInclude Include="action.h">
      <Filter>2DGameFramework\action</Filter>
    </ClInclude>
    <ClInclude Include="keyAniManager.h">
      <Filter>2DGameFramework\Manager</Filter>
    </ClInclude>
    <ClInclude Include="iniDataManager.h">
      <Filter>2DGameFramework\Manager</Filter>
    </ClInclude>
    <ClInclude Include="player.h">
      <Filter>playGround\player</Filter>
    </ClInclude>
    <ClInclude Include="cameraManager.h">
      <Filter>2DGameFramework\Manager</Filter>
    </ClInclude>
    <ClInclude Include="playerState.h">
      <Filter>playGround\player</Filter>
    </ClInclude>
    <ClInclude Include="mapToolScene.h">
      <Filter>playGround\scene</Filter>
    </ClInclude>
    <ClInclude Include="stageScene.h">
      <Filter>playGround\scene</Filter>
    </ClInclude>
    <ClInclude Include="playerManager.h">
      <Filter>playGround\player</Filter>
    </ClInclude>
    <ClInclude Include="tileNode.h">
      <Filter>playGround\scene</Filter>
    </ClInclude>
    <ClInclude Include="mapManager.h">
      <Filter>playGround\scene</Filter>
    </ClInclude>
    <ClInclude Include="objectManager.h">
      <Filter>playGround\objectManager</Filter>
    </ClInclude>
    <ClInclude Include="enemyManager.h">
      <Filter>playGround\objectManager</Filter>
    </ClInclude>
    <ClInclude Include="buildManager.h">
      <Filter>playGround\objectManager</Filter>
    </ClInclude>
    <ClInclude Include="objectNode.h">
      <Filter>playGround\player</Filter>
    </ClInclude>
    <ClInclude Include="crops.h">
      <Filter>playGround\object\crops</Filter>
    </ClInclude>
    <ClInclude Include="cursorManager.h">
      <Filter>playGround\cursor</Filter>
    </ClInclude>
    <ClInclude Include="cursor.h">
      <Filter>playGround\cursor</Filter>
    </ClInclude>
    <ClInclude Include="cropsManager.h">
      <Filter>playGround\object\crops</Filter>
    </ClInclude>
    <ClInclude Include="itemManager.h">
      <Filter>playGround\itemManager</Filter>
    </ClInclude>
    <ClInclude Include="item.h">
      <Filter>playGround\itemManager</Filter>
    </ClInclude>
    <ClInclude Include="itemState.h">
      <Filter>playGround\itemManager</Filter>
    </ClInclude>
    <ClInclude Include="mainMenuScene.h">
      <Filter>playGround\scene</Filter>
    </ClInclude>
    <ClInclude Include="inventory.h">
      <Filter>playGround\player\ability</Filter>
    </ClInclude>
    <ClInclude Include="skill.h">
      <Filter>playGround\player\ability</Filter>
    </ClInclude>
    <ClInclude Include="uiManager.h">
      <Filter>playGround\ui</Filter>
    </ClInclude>
    <ClInclude Include="build.h">
      <Filter>playGround\ui</Filter>
    </ClInclude>
    <ClInclude Include="building.h">
      <Filter>playGround\object\building</Filter>
    </ClInclude>
    <ClInclude Include="equipment.h">
      <Filter>playGround\ui</Filter>
    </ClInclude>
    <ClInclude Include="enemy.h">
      <Filter>playGround\object\enemy</Filter>
    </ClInclude>
    <ClInclude Include="enemyState.h">
      <Filter>playGround\object\enemy</Filter>
    </ClInclude>
    <ClInclude Include="enemyStateManager.h">
      <Filter>playGround\object\enemy</Filter>
    </ClInclude>
  </ItemGroup>
  <ItemGroup>
    <ClCompile Include="stdafx.cpp">
      <Filter>소스 파일</Filter>
    </ClCompile>
    <ClCompile Include="windowAPI.cpp">
      <Filter>소스 파일</Filter>
    </ClCompile>
    <ClCompile Include="gameNode.cpp">
      <Filter>2DGameFramework</Filter>
    </ClCompile>
    <ClCompile Include="playGround.cpp">
      <Filter>playGround</Filter>
    </ClCompile>
    <ClCompile Include="keyManager.cpp">
      <Filter>2DGameFramework\Manager</Filter>
    </ClCompile>
    <ClCompile Include="image.cpp">
      <Filter>2DGameFramework\image</Filter>
    </ClCompile>
    <ClCompile Include="utils.cpp">
      <Filter>2DGameFramework\Util</Filter>
    </ClCompile>
    <ClCompile Include="imageManager.cpp">
      <Filter>2DGameFramework\Manager</Filter>
    </ClCompile>
    <ClCompile Include="progressBar.cpp">
      <Filter>2DGameFramework\progressBar</Filter>
    </ClCompile>
    <ClCompile Include="txtData.cpp">
      <Filter>2DGameFramework\txtData</Filter>
    </ClCompile>
    <ClCompile Include="timer.cpp">
      <Filter>2DGameFramework\timer</Filter>
    </ClCompile>
    <ClCompile Include="timeManager.cpp">
      <Filter>2DGameFramework\Manager</Filter>
    </ClCompile>
    <ClCompile Include="animation.cpp">
      <Filter>2DGameFramework\animation</Filter>
    </ClCompile>
    <ClCompile Include="effect.cpp">
      <Filter>2DGameFramework\effect</Filter>
    </ClCompile>
    <ClCompile Include="effectManager.cpp">
      <Filter>2DGameFramework\Manager</Filter>
    </ClCompile>
    <ClCompile Include="soundManager.cpp">
      <Filter>2DGameFramework\Manager</Filter>
    </ClCompile>
    <ClCompile Include="sceneManager.cpp">
      <Filter>2DGameFramework\Manager</Filter>
    </ClCompile>
    <ClCompile Include="button.cpp">
      <Filter>2DGameFramework\button</Filter>
    </ClCompile>
    <ClCompile Include="action.cpp">
      <Filter>2DGameFramework\action</Filter>
    </ClCompile>
    <ClCompile Include="keyAniManager.cpp">
      <Filter>2DGameFramework\Manager</Filter>
    </ClCompile>
    <ClCompile Include="iniDataManager.cpp">
      <Filter>2DGameFramework\Manager</Filter>
    </ClCompile>
    <ClCompile Include="player.cpp">
      <Filter>playGround\player</Filter>
    </ClCompile>
    <ClCompile Include="cameraManager.cpp">
      <Filter>2DGameFramework\Manager</Filter>
    </ClCompile>
    <ClCompile Include="playerState.cpp">
      <Filter>playGround\player</Filter>
    </ClCompile>
    <ClCompile Include="mapToolScene.cpp">
      <Filter>playGround\scene</Filter>
    </ClCompile>
    <ClCompile Include="stageScene.cpp">
      <Filter>playGround\scene</Filter>
    </ClCompile>
    <ClCompile Include="playerManager.cpp">
      <Filter>playGround\player</Filter>
    </ClCompile>
    <ClCompile Include="mapManager.cpp">
      <Filter>playGround\scene</Filter>
    </ClCompile>
    <ClCompile Include="objectManager.cpp">
      <Filter>playGround\objectManager</Filter>
    </ClCompile>
    <ClCompile Include="enemyManager.cpp">
      <Filter>playGround\objectManager</Filter>
    </ClCompile>
    <ClCompile Include="buildManager.cpp">
      <Filter>playGround\objectManager</Filter>
    </ClCompile>
    <ClCompile Include="crops.cpp">
      <Filter>playGround\object\crops</Filter>
    </ClCompile>
    <ClCompile Include="cursorManager.cpp">
      <Filter>playGround\cursor</Filter>
    </ClCompile>
    <ClCompile Include="cursor.cpp">
      <Filter>playGround\cursor</Filter>
    </ClCompile>
    <ClCompile Include="cropsManager.cpp">
      <Filter>playGround\object\crops</Filter>
    </ClCompile>
    <ClCompile Include="itemManager.cpp">
      <Filter>playGround\itemManager</Filter>
    </ClCompile>
    <ClCompile Include="item.cpp">
      <Filter>playGround\itemManager</Filter>
    </ClCompile>
    <ClCompile Include="itemState.cpp">
      <Filter>playGround\itemManager</Filter>
    </ClCompile>
    <ClCompile Include="mainMenuScene.cpp">
      <Filter>playGround\scene</Filter>
    </ClCompile>
    <ClCompile Include="skill.cpp">
      <Filter>playGround\player\ability</Filter>
    </ClCompile>
    <ClCompile Include="inventory.cpp">
      <Filter>playGround\player\ability</Filter>
    </ClCompile>
    <ClCompile Include="uiManager.cpp">
      <Filter>playGround\ui</Filter>
    </ClCompile>
    <ClCompile Include="build.cpp">
      <Filter>playGround\ui</Filter>
    </ClCompile>
    <ClCompile Include="building.cpp">
      <Filter>playGround\object\building</Filter>
    </ClCompile>
    <ClCompile Include="equipment.cpp">
      <Filter>playGround\ui</Filter>
    </ClCompile>
    <ClCompile Include="enemy.cpp">
      <Filter>playGround\object\enemy</Filter>
    </ClCompile>
    <ClCompile Include="enemyState.cpp">
      <Filter>playGround\object\enemy</Filter>
    </ClCompile>
    <ClCompile Include="enemyStateManager.cpp">
      <Filter>playGround\object\enemy</Filter>
    </ClCompile>
  </ItemGroup>
  <ItemGroup>
    <ResourceCompile Include="windowAPI.rc">
      <Filter>리소스 파일</Filter>
    </ResourceCompile>
  </ItemGroup>
  <ItemGroup>
    <Image Include="small.ico">
      <Filter>리소스 파일</Filter>
    </Image>
    <Image Include="windowAPI.ico">
      <Filter>리소스 파일</Filter>
    </Image>
  </ItemGroup>
</Project>